
Microsoft Visual Studio Solution File, Format Version 12.00
# Visual Studio 2015
Project("{FAE04EC0-301F-11D3-BF4B-00C04F79EFBC}") = "Campus.CSharp", "Campus.CSharp.csproj", "{C69EAE69-7745-9842-6881-64AF57CCD62E}"
EndProject
Project("{FAE04EC0-301F-11D3-BF4B-00C04F79EFBC}") = "Campus.CSharp.Editor", "Campus.CSharp.Editor.csproj", "{84611596-8B4F-C81F-284C-F210798F58D3}"
EndProject
Global
	GlobalSection(SolutionConfigurationPlatforms) = preSolution
		Debug|Any CPU = Debug|Any CPU
		Release|Any CPU = Release|Any CPU
	EndGlobalSection
	GlobalSection(ProjectConfigurationPlatforms) = postSolution
		{C69EAE69-7745-9842-6881-64AF57CCD62E}.Debug|Any CPU.ActiveCfg = Debug|Any CPU
		{C69EAE69-7745-9842-6881-64AF57CCD62E}.Debug|Any CPU.Build.0 = Debug|Any CPU
		{C69EAE69-7745-9842-6881-64AF57CCD62E}.Release|Any CPU.ActiveCfg = Release|Any CPU
		{C69EAE69-7745-9842-6881-64AF57CCD62E}.Release|Any CPU.Build.0 = Release|Any CPU
		{84611596-8B4F-C81F-284C-F210798F58D3}.Debug|Any CPU.ActiveCfg = Debug|Any CPU
		{84611596-8B4F-C81F-284C-F210798F58D3}.Debug|Any CPU.Build.0 = Debug|Any CPU
		{84611596-8B4F-C81F-284C-F210798F58D3}.Release|Any CPU.ActiveCfg = Release|Any CPU
		{84611596-8B4F-C81F-284C-F210798F58D3}.Release|Any CPU.Build.0 = Release|Any CPU
	EndGlobalSection
	GlobalSection(SolutionProperties) = preSolution
		HideSolutionNode = FALSE
	EndGlobalSection
EndGlobal
